Microsoft Visual Studio Solution File, Format Version 12.00
# Visual Studio Version 17
VisualStudioVersion = 17.5.2.0
MinimumVisualStudioVersion = 10.0.40219.1
Project("{FAE04EC0-301F-11D3-BF4B-00C04F79EFBC}") = "RemovedDuplicate", "RemovedDuplicate\RemovedDuplicate.csproj", "{D0010629-DA6E-0EE1-A28C-B0D89264C8E3}"
EndProject
Global
	GlobalSection(SolutionConfigurationPlatforms) = preSolution
		Debug|Any CPU = Debug|Any CPU
		Release|Any CPU = Release|Any CPU
	EndGlobalSection
	GlobalSection(ProjectConfigurationPlatforms) = postSolution
		{D0010629-DA6E-0EE1-A28C-B0D89264C8E3}.Debug|Any CPU.ActiveCfg = Debug|Any CPU
		{D0010629-DA6E-0EE1-A28C-B0D89264C8E3}.Debug|Any CPU.Build.0 = Debug|Any CPU
		{D0010629-DA6E-0EE1-A28C-B0D89264C8E3}.Release|Any CPU.ActiveCfg = Release|Any CPU
		{D0010629-DA6E-0EE1-A28C-B0D89264C8E3}.Release|Any CPU.Build.0 = Release|Any CPU
	EndGlobalSection
	GlobalSection(SolutionProperties) = preSolution
		HideSolutionNode = FALSE
	EndGlobalSection
	GlobalSection(ExtensibilityGlobals) = postSolution
		SolutionGuid = {F5B666E3-ADEA-4ADC-9947-B880FC436812}
	EndGlobalSection
EndGlobal
