Microsoft Visual Studio Solution File, Format Version 12.00
# Visual Studio Version 17
VisualStudioVersion = 17.5.2.0
MinimumVisualStudioVersion = 10.0.40219.1
Project("{FAE04EC0-301F-11D3-BF4B-00C04F79EFBC}") = "SearchInsert", "SearchInsert\SearchInsert.csproj", "{C7242EFF-D6FB-8CD0-EF16-ABDB92643690}"
EndProject
Global
	GlobalSection(SolutionConfigurationPlatforms) = preSolution
		Debug|Any CPU = Debug|Any CPU
		Release|Any CPU = Release|Any CPU
	EndGlobalSection
	GlobalSection(ProjectConfigurationPlatforms) = postSolution
		{C7242EFF-D6FB-8CD0-EF16-ABDB92643690}.Debug|Any CPU.ActiveCfg = Debug|Any CPU
		{C7242EFF-D6FB-8CD0-EF16-ABDB92643690}.Debug|Any CPU.Build.0 = Debug|Any CPU
		{C7242EFF-D6FB-8CD0-EF16-ABDB92643690}.Release|Any CPU.ActiveCfg = Release|Any CPU
		{C7242EFF-D6FB-8CD0-EF16-ABDB92643690}.Release|Any CPU.Build.0 = Release|Any CPU
	EndGlobalSection
	GlobalSection(SolutionProperties) = preSolution
		HideSolutionNode = FALSE
	EndGlobalSection
	GlobalSection(ExtensibilityGlobals) = postSolution
		SolutionGuid = {19328D9E-D11E-48AC-BCFC-E45B54FBA296}
	EndGlobalSection
EndGlobal
